{
  "lib/chainlink-brownie-contracts": {
    "tag": {
      "name": "1.3.0",
      "rev": "5cb41fbc9b525338b6098da5ea7dd0b7e92f89e4"
    }
  },
  "lib/chainlink-ccip": {
    "rev": "69b2c7b291cabbdc74d17417a0c3205de4771d77"
  },
  "lib/chainlink-local": {
    "tag": {
      "name": "v0.2.9",
      "rev": "f8c0efe8685660dac07e08f4558f1b578ae991aa"
    }
  },
  "lib/forge-std": {
    "tag": {
      "name": "v1.16.1",
      "rev": "620536fa5277db4e3fd46772d5cbc1ea0696fb43"
    }
  },
  "lib/openzeppelin-contracts": {
    "tag": {
      "name": "v5.1.0",
      "rev": "69c8def5f222ff96f2b5beff05dfba996368aa79"
    }
  },
  "lib/openzeppelin-contracts-4.8.3": {
    "tag": {
      "name": "v4.8.3",
      "rev": "0a25c1940ca220686588c4af3ec526f725fe2582"
    }
  },
  "lib/openzeppelin-contracts-5.3.0": {
    "rev": "74edc4baff50b93c06977021ee9ba25987803291"
  }
}